
Microsoft Visual Studio Solution File, Format Version 12.00
# Visual Studio Version 16
VisualStudioVersion = 16.0.31112.23
MinimumVisualStudioVersion = 10.0.40219.1
Project("{FAE04EC0-301F-11D3-BF4B-00C04F79EFBC}") = "InstaIssue", "InstaIssue\InstaIssue.csproj", "{ADF68112-978C-4BE0-88AC-C61732138226}"
EndProject
Global
	GlobalSection(SolutionConfigurationPlatforms) = preSolution
		Debug|Any CPU = Debug|Any CPU
		Release|Any CPU = Release|Any CPU
	EndGlobalSection
	GlobalSection(ProjectConfigurationPlatforms) = postSolution
		{ADF68112-978C-4BE0-88AC-C61732138226}.Debug|Any CPU.ActiveCfg = Debug|Any CPU
		{ADF68112-978C-4BE0-88AC-C61732138226}.Debug|Any CPU.Build.0 = Debug|Any CPU
		{ADF68112-978C-4BE0-88AC-C61732138226}.Release|Any CPU.ActiveCfg = Release|Any CPU
		{ADF68112-978C-4BE0-88AC-C61732138226}.Release|Any CPU.Build.0 = Release|Any CPU
	EndGlobalSection
	GlobalSection(SolutionProperties) = preSolution
		HideSolutionNode = FALSE
	EndGlobalSection
	GlobalSection(ExtensibilityGlobals) = postSolution
		SolutionGuid = {38F3E028-D7A3-449E-B94D-97416C5D6044}
	EndGlobalSection
EndGlobal
